
Microsoft Visual Studio Solution File, Format Version 12.00
# Visual Studio 15
Project("{FAE04EC0-301F-11D3-BF4B-00C04F79EFBC}") = "FishNet.Runtime", "FishNet.Runtime.csproj", "{69D0C159-BAB4-689B-687E-9E213DFB5A44}"
EndProject
Project("{FAE04EC0-301F-11D3-BF4B-00C04F79EFBC}") = "Assembly-CSharp", "Assembly-CSharp.csproj", "{5ED35FB8-7A21-7C15-DB72-386947C92520}"
EndProject
Project("{FAE04EC0-301F-11D3-BF4B-00C04F79EFBC}") = "FishNet.Example", "FishNet.Example.csproj", "{FD83BAE0-85A6-4DD6-BE4C-CFCAF9D19E43}"
EndProject
Project("{FAE04EC0-301F-11D3-BF4B-00C04F79EFBC}") = "FishNet.Demos", "FishNet.Demos.csproj", "{136A7A12-C446-BC06-2B59-E13B4B55C391}"
EndProject
Project("{FAE04EC0-301F-11D3-BF4B-00C04F79EFBC}") = "GameKit.Utilities", "GameKit.Utilities.csproj", "{13113C11-58E9-2A2E-DF1A-460F73B189CE}"
EndProject
Project("{FAE04EC0-301F-11D3-BF4B-00C04F79EFBC}") = "Unity.FishNet.Codegen", "Unity.FishNet.Codegen.csproj", "{486584D8-1B68-74D0-B2EE-6A18C8D7352A}"
EndProject
Project("{FAE04EC0-301F-11D3-BF4B-00C04F79EFBC}") = "FishNet.Codegen.Cecil", "FishNet.Codegen.Cecil.csproj", "{D1887853-8ACF-F4A5-08F5-BE1B0604D38E}"
EndProject
Global
	GlobalSection(SolutionConfigurationPlatforms) = preSolution
		Debug|Any CPU = Debug|Any CPU
		Release|Any CPU = Release|Any CPU
	EndGlobalSection
	GlobalSection(ProjectConfigurationPlatforms) = postSolution
		{69D0C159-BAB4-689B-687E-9E213DFB5A44}.Debug|Any CPU.ActiveCfg = Debug|Any CPU
		{69D0C159-BAB4-689B-687E-9E213DFB5A44}.Debug|Any CPU.Build.0 = Debug|Any CPU
		{69D0C159-BAB4-689B-687E-9E213DFB5A44}.Release|Any CPU.ActiveCfg = Release|Any CPU
		{69D0C159-BAB4-689B-687E-9E213DFB5A44}.Release|Any CPU.Build.0 = Release|Any CPU
		{5ED35FB8-7A21-7C15-DB72-386947C92520}.Debug|Any CPU.ActiveCfg = Debug|Any CPU
		{5ED35FB8-7A21-7C15-DB72-386947C92520}.Debug|Any CPU.Build.0 = Debug|Any CPU
		{5ED35FB8-7A21-7C15-DB72-386947C92520}.Release|Any CPU.ActiveCfg = Release|Any CPU
		{5ED35FB8-7A21-7C15-DB72-386947C92520}.Release|Any CPU.Build.0 = Release|Any CPU
		{FD83BAE0-85A6-4DD6-BE4C-CFCAF9D19E43}.Debug|Any CPU.ActiveCfg = Debug|Any CPU
		{FD83BAE0-85A6-4DD6-BE4C-CFCAF9D19E43}.Debug|Any CPU.Build.0 = Debug|Any CPU
		{FD83BAE0-85A6-4DD6-BE4C-CFCAF9D19E43}.Release|Any CPU.ActiveCfg = Release|Any CPU
		{FD83BAE0-85A6-4DD6-BE4C-CFCAF9D19E43}.Release|Any CPU.Build.0 = Release|Any CPU
		{136A7A12-C446-BC06-2B59-E13B4B55C391}.Debug|Any CPU.ActiveCfg = Debug|Any CPU
		{136A7A12-C446-BC06-2B59-E13B4B55C391}.Debug|Any CPU.Build.0 = Debug|Any CPU
		{136A7A12-C446-BC06-2B59-E13B4B55C391}.Release|Any CPU.ActiveCfg = Release|Any CPU
		{136A7A12-C446-BC06-2B59-E13B4B55C391}.Release|Any CPU.Build.0 = Release|Any CPU
		{13113C11-58E9-2A2E-DF1A-460F73B189CE}.Debug|Any CPU.ActiveCfg = Debug|Any CPU
		{13113C11-58E9-2A2E-DF1A-460F73B189CE}.Debug|Any CPU.Build.0 = Debug|Any CPU
		{13113C11-58E9-2A2E-DF1A-460F73B189CE}.Release|Any CPU.ActiveCfg = Release|Any CPU
		{13113C11-58E9-2A2E-DF1A-460F73B189CE}.Release|Any CPU.Build.0 = Release|Any CPU
		{486584D8-1B68-74D0-B2EE-6A18C8D7352A}.Debug|Any CPU.ActiveCfg = Debug|Any CPU
		{486584D8-1B68-74D0-B2EE-6A18C8D7352A}.Debug|Any CPU.Build.0 = Debug|Any CPU
		{486584D8-1B68-74D0-B2EE-6A18C8D7352A}.Release|Any CPU.ActiveCfg = Release|Any CPU
		{486584D8-1B68-74D0-B2EE-6A18C8D7352A}.Release|Any CPU.Build.0 = Release|Any CPU
		{D1887853-8ACF-F4A5-08F5-BE1B0604D38E}.Debug|Any CPU.ActiveCfg = Debug|Any CPU
		{D1887853-8ACF-F4A5-08F5-BE1B0604D38E}.Debug|Any CPU.Build.0 = Debug|Any CPU
		{D1887853-8ACF-F4A5-08F5-BE1B0604D38E}.Release|Any CPU.ActiveCfg = Release|Any CPU
		{D1887853-8ACF-F4A5-08F5-BE1B0604D38E}.Release|Any CPU.Build.0 = Release|Any CPU
	EndGlobalSection
	GlobalSection(SolutionProperties) = preSolution
		HideSolutionNode = FALSE
	EndGlobalSection
EndGlobal
