
Microsoft Visual Studio Solution File, Format Version 12.00
# Visual Studio 15
Project("{FAE04EC0-301F-11D3-BF4B-00C04F79EFBC}") = "Assembly-CSharp", "Assembly-CSharp.csproj", "{1B508DAD-758F-FD4D-BE85-295D1411A145}"
EndProject
Project("{FAE04EC0-301F-11D3-BF4B-00C04F79EFBC}") = "FishNet.Runtime", "FishNet.Runtime.csproj", "{FABDF824-AB0E-9018-7567-692145CA518B}"
EndProject
Project("{FAE04EC0-301F-11D3-BF4B-00C04F79EFBC}") = "FishNet.Generated", "FishNet.Generated.csproj", "{D3183D2C-E671-260D-F9F4-B7E413B988A0}"
EndProject
Project("{FAE04EC0-301F-11D3-BF4B-00C04F79EFBC}") = "FishNet.Example", "FishNet.Example.csproj", "{5C43EF55-4999-85D0-006E-796FB250D044}"
EndProject
Project("{FAE04EC0-301F-11D3-BF4B-00C04F79EFBC}") = "Unity.FishNet.Codegen", "Unity.FishNet.Codegen.csproj", "{EDAD3FC0-43FD-0E53-0370-A41544CB8A8C}"
EndProject
Project("{FAE04EC0-301F-11D3-BF4B-00C04F79EFBC}") = "FishNet.Codegen.Cecil", "FishNet.Codegen.Cecil.csproj", "{8F291205-018E-DC94-38D7-4A818E8CB177}"
EndProject
Project("{FAE04EC0-301F-11D3-BF4B-00C04F79EFBC}") = "Assembly-CSharp-Editor", "Assembly-CSharp-Editor.csproj", "{DAC41711-CF38-E805-6F0A-445E3EFED420}"
EndProject
Global
	GlobalSection(SolutionConfigurationPlatforms) = preSolution
		Debug|Any CPU = Debug|Any CPU
		Release|Any CPU = Release|Any CPU
	EndGlobalSection
	GlobalSection(ProjectConfigurationPlatforms) = postSolution
		{1B508DAD-758F-FD4D-BE85-295D1411A145}.Debug|Any CPU.ActiveCfg = Debug|Any CPU
		{1B508DAD-758F-FD4D-BE85-295D1411A145}.Debug|Any CPU.Build.0 = Debug|Any CPU
		{1B508DAD-758F-FD4D-BE85-295D1411A145}.Release|Any CPU.ActiveCfg = Release|Any CPU
		{1B508DAD-758F-FD4D-BE85-295D1411A145}.Release|Any CPU.Build.0 = Release|Any CPU
		{FABDF824-AB0E-9018-7567-692145CA518B}.Debug|Any CPU.ActiveCfg = Debug|Any CPU
		{FABDF824-AB0E-9018-7567-692145CA518B}.Debug|Any CPU.Build.0 = Debug|Any CPU
		{FABDF824-AB0E-9018-7567-692145CA518B}.Release|Any CPU.ActiveCfg = Release|Any CPU
		{FABDF824-AB0E-9018-7567-692145CA518B}.Release|Any CPU.Build.0 = Release|Any CPU
		{D3183D2C-E671-260D-F9F4-B7E413B988A0}.Debug|Any CPU.ActiveCfg = Debug|Any CPU
		{D3183D2C-E671-260D-F9F4-B7E413B988A0}.Debug|Any CPU.Build.0 = Debug|Any CPU
		{D3183D2C-E671-260D-F9F4-B7E413B988A0}.Release|Any CPU.ActiveCfg = Release|Any CPU
		{D3183D2C-E671-260D-F9F4-B7E413B988A0}.Release|Any CPU.Build.0 = Release|Any CPU
		{5C43EF55-4999-85D0-006E-796FB250D044}.Debug|Any CPU.ActiveCfg = Debug|Any CPU
		{5C43EF55-4999-85D0-006E-796FB250D044}.Debug|Any CPU.Build.0 = Debug|Any CPU
		{5C43EF55-4999-85D0-006E-796FB250D044}.Release|Any CPU.ActiveCfg = Release|Any CPU
		{5C43EF55-4999-85D0-006E-796FB250D044}.Release|Any CPU.Build.0 = Release|Any CPU
		{EDAD3FC0-43FD-0E53-0370-A41544CB8A8C}.Debug|Any CPU.ActiveCfg = Debug|Any CPU
		{EDAD3FC0-43FD-0E53-0370-A41544CB8A8C}.Debug|Any CPU.Build.0 = Debug|Any CPU
		{EDAD3FC0-43FD-0E53-0370-A41544CB8A8C}.Release|Any CPU.ActiveCfg = Release|Any CPU
		{EDAD3FC0-43FD-0E53-0370-A41544CB8A8C}.Release|Any CPU.Build.0 = Release|Any CPU
		{8F291205-018E-DC94-38D7-4A818E8CB177}.Debug|Any CPU.ActiveCfg = Debug|Any CPU
		{8F291205-018E-DC94-38D7-4A818E8CB177}.Debug|Any CPU.Build.0 = Debug|Any CPU
		{8F291205-018E-DC94-38D7-4A818E8CB177}.Release|Any CPU.ActiveCfg = Release|Any CPU
		{8F291205-018E-DC94-38D7-4A818E8CB177}.Release|Any CPU.Build.0 = Release|Any CPU
		{DAC41711-CF38-E805-6F0A-445E3EFED420}.Debug|Any CPU.ActiveCfg = Debug|Any CPU
		{DAC41711-CF38-E805-6F0A-445E3EFED420}.Debug|Any CPU.Build.0 = Debug|Any CPU
		{DAC41711-CF38-E805-6F0A-445E3EFED420}.Release|Any CPU.ActiveCfg = Release|Any CPU
		{DAC41711-CF38-E805-6F0A-445E3EFED420}.Release|Any CPU.Build.0 = Release|Any CPU
	EndGlobalSection
	GlobalSection(SolutionProperties) = preSolution
		HideSolutionNode = FALSE
	EndGlobalSection
EndGlobal
