
Microsoft Visual Studio Solution File, Format Version 12.00
# Visual Studio 15
Project("{FAE04EC0-301F-11D3-BF4B-00C04F79EFBC}") = "FishNet.Runtime", "FishNet.Runtime.csproj", "{C5A9E124-D386-1B2D-E1A3-BC4B787578E9}"
EndProject
Project("{FAE04EC0-301F-11D3-BF4B-00C04F79EFBC}") = "GameKit.Dependencies", "GameKit.Dependencies.csproj", "{B9237356-EF99-42DE-954A-43FDF7194904}"
EndProject
Project("{FAE04EC0-301F-11D3-BF4B-00C04F79EFBC}") = "FishNet.Demos", "FishNet.Demos.csproj", "{971D6DE2-0C7C-3FFD-C6D2-C3D7566D51D7}"
EndProject
Project("{FAE04EC0-301F-11D3-BF4B-00C04F79EFBC}") = "Assembly-CSharp", "Assembly-CSharp.csproj", "{0E40974E-0169-B2E4-61CA-C2B7083738E0}"
EndProject
Project("{FAE04EC0-301F-11D3-BF4B-00C04F79EFBC}") = "asset-store-tools-editor", "asset-store-tools-editor.csproj", "{C1E7CDD7-1B47-43C8-4CBD-8C809A39F5D5}"
EndProject
Project("{FAE04EC0-301F-11D3-BF4B-00C04F79EFBC}") = "FishNet.Codegen.Cecil", "FishNet.Codegen.Cecil.csproj", "{EBFF2BF3-FDFB-74B7-267E-E93BE467AF42}"
EndProject
Project("{FAE04EC0-301F-11D3-BF4B-00C04F79EFBC}") = "Unity.FishNet.Codegen", "Unity.FishNet.Codegen.csproj", "{EEA7BBF3-8B09-E8AF-82AA-7D137AA0C340}"
EndProject
Global
	GlobalSection(SolutionConfigurationPlatforms) = preSolution
		Debug|Any CPU = Debug|Any CPU
		Release|Any CPU = Release|Any CPU
	EndGlobalSection
	GlobalSection(ProjectConfigurationPlatforms) = postSolution
		{C5A9E124-D386-1B2D-E1A3-BC4B787578E9}.Debug|Any CPU.ActiveCfg = Debug|Any CPU
		{C5A9E124-D386-1B2D-E1A3-BC4B787578E9}.Debug|Any CPU.Build.0 = Debug|Any CPU
		{C5A9E124-D386-1B2D-E1A3-BC4B787578E9}.Release|Any CPU.ActiveCfg = Release|Any CPU
		{C5A9E124-D386-1B2D-E1A3-BC4B787578E9}.Release|Any CPU.Build.0 = Release|Any CPU
		{B9237356-EF99-42DE-954A-43FDF7194904}.Debug|Any CPU.ActiveCfg = Debug|Any CPU
		{B9237356-EF99-42DE-954A-43FDF7194904}.Debug|Any CPU.Build.0 = Debug|Any CPU
		{B9237356-EF99-42DE-954A-43FDF7194904}.Release|Any CPU.ActiveCfg = Release|Any CPU
		{B9237356-EF99-42DE-954A-43FDF7194904}.Release|Any CPU.Build.0 = Release|Any CPU
		{971D6DE2-0C7C-3FFD-C6D2-C3D7566D51D7}.Debug|Any CPU.ActiveCfg = Debug|Any CPU
		{971D6DE2-0C7C-3FFD-C6D2-C3D7566D51D7}.Debug|Any CPU.Build.0 = Debug|Any CPU
		{971D6DE2-0C7C-3FFD-C6D2-C3D7566D51D7}.Release|Any CPU.ActiveCfg = Release|Any CPU
		{971D6DE2-0C7C-3FFD-C6D2-C3D7566D51D7}.Release|Any CPU.Build.0 = Release|Any CPU
		{0E40974E-0169-B2E4-61CA-C2B7083738E0}.Debug|Any CPU.ActiveCfg = Debug|Any CPU
		{0E40974E-0169-B2E4-61CA-C2B7083738E0}.Debug|Any CPU.Build.0 = Debug|Any CPU
		{0E40974E-0169-B2E4-61CA-C2B7083738E0}.Release|Any CPU.ActiveCfg = Release|Any CPU
		{0E40974E-0169-B2E4-61CA-C2B7083738E0}.Release|Any CPU.Build.0 = Release|Any CPU
		{C1E7CDD7-1B47-43C8-4CBD-8C809A39F5D5}.Debug|Any CPU.ActiveCfg = Debug|Any CPU
		{C1E7CDD7-1B47-43C8-4CBD-8C809A39F5D5}.Debug|Any CPU.Build.0 = Debug|Any CPU
		{C1E7CDD7-1B47-43C8-4CBD-8C809A39F5D5}.Release|Any CPU.ActiveCfg = Release|Any CPU
		{C1E7CDD7-1B47-43C8-4CBD-8C809A39F5D5}.Release|Any CPU.Build.0 = Release|Any CPU
		{EBFF2BF3-FDFB-74B7-267E-E93BE467AF42}.Debug|Any CPU.ActiveCfg = Debug|Any CPU
		{EBFF2BF3-FDFB-74B7-267E-E93BE467AF42}.Debug|Any CPU.Build.0 = Debug|Any CPU
		{EBFF2BF3-FDFB-74B7-267E-E93BE467AF42}.Release|Any CPU.ActiveCfg = Release|Any CPU
		{EBFF2BF3-FDFB-74B7-267E-E93BE467AF42}.Release|Any CPU.Build.0 = Release|Any CPU
		{EEA7BBF3-8B09-E8AF-82AA-7D137AA0C340}.Debug|Any CPU.ActiveCfg = Debug|Any CPU
		{EEA7BBF3-8B09-E8AF-82AA-7D137AA0C340}.Debug|Any CPU.Build.0 = Debug|Any CPU
		{EEA7BBF3-8B09-E8AF-82AA-7D137AA0C340}.Release|Any CPU.ActiveCfg = Release|Any CPU
		{EEA7BBF3-8B09-E8AF-82AA-7D137AA0C340}.Release|Any CPU.Build.0 = Release|Any CPU
	EndGlobalSection
	GlobalSection(SolutionProperties) = preSolution
		HideSolutionNode = FALSE
	EndGlobalSection
EndGlobal
